
Microsoft Visual Studio Solution File, Format Version 12.00
# Visual Studio 2012
Project("{FAE04EC0-301F-11D3-BF4B-00C04F79EFBC}") = "L_Sample", "L_Sample\L_Sample.csproj", "{050BCA0A-D0DC-461A-8044-6A6E29DBAF91}"
EndProject
Global
	GlobalSection(SolutionConfigurationPlatforms) = preSolution
		Debug|Any CPU = Debug|Any CPU
		Release|Any CPU = Release|Any CPU
	EndGlobalSection
	GlobalSection(ProjectConfigurationPlatforms) = postSolution
		{050BCA0A-D0DC-461A-8044-6A6E29DBAF91}.Debug|Any CPU.ActiveCfg = Debug|Any CPU
		{050BCA0A-D0DC-461A-8044-6A6E29DBAF91}.Debug|Any CPU.Build.0 = Debug|Any CPU
		{050BCA0A-D0DC-461A-8044-6A6E29DBAF91}.Release|Any CPU.ActiveCfg = Release|Any CPU
		{050BCA0A-D0DC-461A-8044-6A6E29DBAF91}.Release|Any CPU.Build.0 = Release|Any CPU
	EndGlobalSection
	GlobalSection(MonoDevelopProperties) = preSolution
		StartupItem = L_Sample\L_Sample.csproj
	EndGlobalSection
EndGlobal
